// !$*UTF8*$!
{
	archiveVersion = 1;
	classes = {
	};
	objectVersion = 56;
	objects = {

/* Begin PBXBuildFile section */
		6802670229C0A3CA00DD8489 /* AccountView.swift in Sources */ = {isa = PBXBuildFile; fileRef = 6802670129C0A3CA00DD8489 /* AccountView.swift */; };
		6802670429C106C100DD8489 /* HexagonView.swift in Sources */ = {isa = PBXBuildFile; fileRef = 6802670329C106C100DD8489 /* HexagonView.swift */; };
		6802670629C10BDE00DD8489 /* BlobView.swift in Sources */ = {isa = PBXBuildFile; fileRef = 6802670529C10BDE00DD8489 /* BlobView.swift */; };
		6802670829C1189B00DD8489 /* TabBar.swift in Sources */ = {isa = PBXBuildFile; fileRef = 6802670729C1189B00DD8489 /* TabBar.swift */; };
		6802670A29C1639000DD8489 /* Tab.swift in Sources */ = {isa = PBXBuildFile; fileRef = 6802670929C1639000DD8489 /* Tab.swift */; };
		680F15E429BE6204000D4D0E /* DesignCodeiOS15StudyApp.swift in Sources */ = {isa = PBXBuildFile; fileRef = 680F15E329BE6204000D4D0E /* DesignCodeiOS15StudyApp.swift */; };
		680F15E629BE6204000D4D0E /* ContentView.swift in Sources */ = {isa = PBXBuildFile; fileRef = 680F15E529BE6204000D4D0E /* ContentView.swift */; };
		680F15E829BE6205000D4D0E /* Assets.xcassets in Resources */ = {isa = PBXBuildFile; fileRef = 680F15E729BE6205000D4D0E /* Assets.xcassets */; };
		680F15EB29BE6205000D4D0E /* Preview Assets.xcassets in Resources */ = {isa = PBXBuildFile; fileRef = 680F15EA29BE6205000D4D0E /* Preview Assets.xcassets */; };
		68117D5A29C1FF8500BD6E3D /* HomeView.swift in Sources */ = {isa = PBXBuildFile; fileRef = 68117D5929C1FF8500BD6E3D /* HomeView.swift */; };
		68117D6129C25DFA00BD6E3D /* FeaturedItem.swift in Sources */ = {isa = PBXBuildFile; fileRef = 68117D6029C25DFA00BD6E3D /* FeaturedItem.swift */; };
		68117D6329C25F2E00BD6E3D /* NavigationBar.swift in Sources */ = {isa = PBXBuildFile; fileRef = 68117D6229C25F2E00BD6E3D /* NavigationBar.swift */; };
		68117D6529C3408A00BD6E3D /* PreferenceKeys.swift in Sources */ = {isa = PBXBuildFile; fileRef = 68117D6429C3408A00BD6E3D /* PreferenceKeys.swift */; };
		68117D6729C3803B00BD6E3D /* AnimatableFontModifier.swift in Sources */ = {isa = PBXBuildFile; fileRef = 68117D6629C3803B00BD6E3D /* AnimatableFontModifier.swift */; };
		68117D6929C48EBD00BD6E3D /* Course.swift in Sources */ = {isa = PBXBuildFile; fileRef = 68117D6829C48EBD00BD6E3D /* Course.swift */; };
		6841811F29CB340400F7F9C7 /* AngularButtonStyle.swift in Sources */ = {isa = PBXBuildFile; fileRef = 6841811E29CB340400F7F9C7 /* AngularButtonStyle.swift */; };
		6841812129CB47E400F7F9C7 /* InputStyle.swift in Sources */ = {isa = PBXBuildFile; fileRef = 6841812029CB47E400F7F9C7 /* InputStyle.swift */; };
		6841812329CB559000F7F9C7 /* ModalView.swift in Sources */ = {isa = PBXBuildFile; fileRef = 6841812229CB559000F7F9C7 /* ModalView.swift */; };
		6841812529CB563500F7F9C7 /* SignInView.swift in Sources */ = {isa = PBXBuildFile; fileRef = 6841812429CB563500F7F9C7 /* SignInView.swift */; };
		68473D3229CBA2E600AEB194 /* AvatarView.swift in Sources */ = {isa = PBXBuildFile; fileRef = 68473D3129CBA2E600AEB194 /* AvatarView.swift */; };
		68473D3429CBE8C300AEB194 /* Adress.swift in Sources */ = {isa = PBXBuildFile; fileRef = 68473D3329CBE8C300AEB194 /* Adress.swift */; };
		68B929B529CC825B00C6A17C /* CircularView.swift in Sources */ = {isa = PBXBuildFile; fileRef = 68B929B429CC825B00C6A17C /* CircularView.swift */; };
		68B929B729CC848500C6A17C /* CourseSection.swift in Sources */ = {isa = PBXBuildFile; fileRef = 68B929B629CC848500C6A17C /* CourseSection.swift */; };
		68B929B929CC84CC00C6A17C /* SectionRow.swift in Sources */ = {isa = PBXBuildFile; fileRef = 68B929B829CC84CC00C6A17C /* SectionRow.swift */; };
		68B929BB29CC879B00C6A17C /* SectionView.swift in Sources */ = {isa = PBXBuildFile; fileRef = 68B929BA29CC879B00C6A17C /* SectionView.swift */; };
		68B929BD29CC8CB400C6A17C /* PlayView.swift in Sources */ = {isa = PBXBuildFile; fileRef = 68B929BC29CC8CB400C6A17C /* PlayView.swift */; };
		68B929BF29CC980800C6A17C /* ExploreView.swift in Sources */ = {isa = PBXBuildFile; fileRef = 68B929BE29CC980800C6A17C /* ExploreView.swift */; };
		68B929C129CC989C00C6A17C /* SmallCourseItem.swift in Sources */ = {isa = PBXBuildFile; fileRef = 68B929C029CC989C00C6A17C /* SmallCourseItem.swift */; };
		68B929C329CC9E1500C6A17C /* Handbook.swift in Sources */ = {isa = PBXBuildFile; fileRef = 68B929C229CC9E1500C6A17C /* Handbook.swift */; };
		68B929C529CC9E4600C6A17C /* HandbookItem.swift in Sources */ = {isa = PBXBuildFile; fileRef = 68B929C429CC9E4600C6A17C /* HandbookItem.swift */; };
		68B929C729CCEDE000C6A17C /* Topic.swift in Sources */ = {isa = PBXBuildFile; fileRef = 68B929C629CCEDE000C6A17C /* Topic.swift */; };
		68B929C929CCEE1800C6A17C /* ListRow.swift in Sources */ = {isa = PBXBuildFile; fileRef = 68B929C829CCEE1800C6A17C /* ListRow.swift */; };
		68B929D129CCF88C00C6A17C /* NotificationsView.swift in Sources */ = {isa = PBXBuildFile; fileRef = 68B929D029CCF88C00C6A17C /* NotificationsView.swift */; };
		68B929D329CCF99500C6A17C /* LibraryView.swift in Sources */ = {isa = PBXBuildFile; fileRef = 68B929D229CCF99500C6A17C /* LibraryView.swift */; };
		68B929D529CCFA0000C6A17C /* CertificateView.swift in Sources */ = {isa = PBXBuildFile; fileRef = 68B929D429CCFA0000C6A17C /* CertificateView.swift */; };
		68CDFB6229C90C9800F0CE97 /* Model.swift in Sources */ = {isa = PBXBuildFile; fileRef = 68CDFB6129C90C9800F0CE97 /* Model.swift */; };
		68CDFB6429CA179700F0CE97 /* SearchView.swift in Sources */ = {isa = PBXBuildFile; fileRef = 68CDFB6329CA179700F0CE97 /* SearchView.swift */; };
		68CDFB6829CA812900F0CE97 /* Suggestion.swift in Sources */ = {isa = PBXBuildFile; fileRef = 68CDFB6729CA812900F0CE97 /* Suggestion.swift */; };
		68D6E94D29CC782600A83764 /* Coin.swift in Sources */ = {isa = PBXBuildFile; fileRef = 68D6E94C29CC782600A83764 /* Coin.swift */; };
		68DB3C6D29CB298F002A492C /* SignUpView.swift in Sources */ = {isa = PBXBuildFile; fileRef = 68DB3C6C29CB298F002A492C /* SignUpView.swift */; };
		68E09FE729C87EEB006112F0 /* Animations.swift in Sources */ = {isa = PBXBuildFile; fileRef = 68E09FE629C87EEB006112F0 /* Animations.swift */; };
		68EAE6F129C7DAF400FE9675 /* CourseItem.swift in Sources */ = {isa = PBXBuildFile; fileRef = 68EAE6F029C7DAF400FE9675 /* CourseItem.swift */; };
		68EAE6F329C7DBB100FE9675 /* CourseView.swift in Sources */ = {isa = PBXBuildFile; fileRef = 68EAE6F229C7DBB100FE9675 /* CourseView.swift */; };
		68EED2AF29BF9509009286B9 /* StrokeStyles.swift in Sources */ = {isa = PBXBuildFile; fileRef = 68EED2AE29BF9509009286B9 /* StrokeStyles.swift */; };
/* End PBXBuildFile section */

/* Begin PBXFileReference section */
		6802670129C0A3CA00DD8489 /* AccountView.swift */ = {isa = PBXFileReference; lastKnownFileType = sourcecode.swift; path = AccountView.swift; sourceTree = "<group>"; };
		6802670329C106C100DD8489 /* HexagonView.swift */ = {isa = PBXFileReference; lastKnownFileType = sourcecode.swift; path = HexagonView.swift; sourceTree = "<group>"; };
		6802670529C10BDE00DD8489 /* BlobView.swift */ = {isa = PBXFileReference; lastKnownFileType = sourcecode.swift; path = BlobView.swift; sourceTree = "<group>"; };
		6802670729C1189B00DD8489 /* TabBar.swift */ = {isa = PBXFileReference; lastKnownFileType = sourcecode.swift; path = TabBar.swift; sourceTree = "<group>"; };
		6802670929C1639000DD8489 /* Tab.swift */ = {isa = PBXFileReference; lastKnownFileType = sourcecode.swift; path = Tab.swift; sourceTree = "<group>"; };
		680F15E029BE6204000D4D0E /* DesignCodeiOS15Study.app */ = {isa = PBXFileReference; explicitFileType = wrapper.application; includeInIndex = 0; path = DesignCodeiOS15Study.app; sourceTree = BUILT_PRODUCTS_DIR; };
		680F15E329BE6204000D4D0E /* DesignCodeiOS15StudyApp.swift */ = {isa = PBXFileReference; lastKnownFileType = sourcecode.swift; path = DesignCodeiOS15StudyApp.swift; sourceTree = "<group>"; };
		680F15E529BE6204000D4D0E /* ContentView.swift */ = {isa = PBXFileReference; lastKnownFileType = sourcecode.swift; path = ContentView.swift; sourceTree = "<group>"; };
		680F15E729BE6205000D4D0E /* Assets.xcassets */ = {isa = PBXFileReference; lastKnownFileType = folder.assetcatalog; path = Assets.xcassets; sourceTree = "<group>"; };
		680F15EA29BE6205000D4D0E /* Preview Assets.xcassets */ = {isa = PBXFileReference; lastKnownFileType = folder.assetcatalog; path = "Preview Assets.xcassets"; sourceTree = "<group>"; };
		68117D5929C1FF8500BD6E3D /* HomeView.swift */ = {isa = PBXFileReference; lastKnownFileType = sourcecode.swift; path = HomeView.swift; sourceTree = "<group>"; };
		68117D6029C25DFA00BD6E3D /* FeaturedItem.swift */ = {isa = PBXFileReference; lastKnownFileType = sourcecode.swift; path = FeaturedItem.swift; sourceTree = "<group>"; };
		68117D6229C25F2E00BD6E3D /* NavigationBar.swift */ = {isa = PBXFileReference; lastKnownFileType = sourcecode.swift; path = NavigationBar.swift; sourceTree = "<group>"; };
		68117D6429C3408A00BD6E3D /* PreferenceKeys.swift */ = {isa = PBXFileReference; lastKnownFileType = sourcecode.swift; path = PreferenceKeys.swift; sourceTree = "<group>"; };
		68117D6629C3803B00BD6E3D /* AnimatableFontModifier.swift */ = {isa = PBXFileReference; lastKnownFileType = sourcecode.swift; path = AnimatableFontModifier.swift; sourceTree = "<group>"; };
		68117D6829C48EBD00BD6E3D /* Course.swift */ = {isa = PBXFileReference; lastKnownFileType = sourcecode.swift; path = Course.swift; sourceTree = "<group>"; };
		6841811E29CB340400F7F9C7 /* AngularButtonStyle.swift */ = {isa = PBXFileReference; lastKnownFileType = sourcecode.swift; path = AngularButtonStyle.swift; sourceTree = "<group>"; };
		6841812029CB47E400F7F9C7 /* InputStyle.swift */ = {isa = PBXFileReference; lastKnownFileType = sourcecode.swift; path = InputStyle.swift; sourceTree = "<group>"; };
		6841812229CB559000F7F9C7 /* ModalView.swift */ = {isa = PBXFileReference; lastKnownFileType = sourcecode.swift; path = ModalView.swift; sourceTree = "<group>"; };
		6841812429CB563500F7F9C7 /* SignInView.swift */ = {isa = PBXFileReference; lastKnownFileType = sourcecode.swift; path = SignInView.swift; sourceTree = "<group>"; };
		68473D3129CBA2E600AEB194 /* AvatarView.swift */ = {isa = PBXFileReference; lastKnownFileType = sourcecode.swift; path = AvatarView.swift; sourceTree = "<group>"; };
		68473D3329CBE8C300AEB194 /* Adress.swift */ = {isa = PBXFileReference; lastKnownFileType = sourcecode.swift; path = Adress.swift; sourceTree = "<group>"; };
		68B929B429CC825B00C6A17C /* CircularView.swift */ = {isa = PBXFileReference; lastKnownFileType = sourcecode.swift; path = CircularView.swift; sourceTree = "<group>"; };
		68B929B629CC848500C6A17C /* CourseSection.swift */ = {isa = PBXFileReference; lastKnownFileType = sourcecode.swift; path = CourseSection.swift; sourceTree = "<group>"; };
		68B929B829CC84CC00C6A17C /* SectionRow.swift */ = {isa = PBXFileReference; lastKnownFileType = sourcecode.swift; path = SectionRow.swift; sourceTree = "<group>"; };
		68B929BA29CC879B00C6A17C /* SectionView.swift */ = {isa = PBXFileReference; lastKnownFileType = sourcecode.swift; path = SectionView.swift; sourceTree = "<group>"; };
		68B929BC29CC8CB400C6A17C /* PlayView.swift */ = {isa = PBXFileReference; lastKnownFileType = sourcecode.swift; path = PlayView.swift; sourceTree = "<group>"; };
		68B929BE29CC980800C6A17C /* ExploreView.swift */ = {isa = PBXFileReference; lastKnownFileType = sourcecode.swift; path = ExploreView.swift; sourceTree = "<group>"; };
		68B929C029CC989C00C6A17C /* SmallCourseItem.swift */ = {isa = PBXFileReference; lastKnownFileType = sourcecode.swift; path = SmallCourseItem.swift; sourceTree = "<group>"; };
		68B929C229CC9E1500C6A17C /* Handbook.swift */ = {isa = PBXFileReference; lastKnownFileType = sourcecode.swift; path = Handbook.swift; sourceTree = "<group>"; };
		68B929C429CC9E4600C6A17C /* HandbookItem.swift */ = {isa = PBXFileReference; lastKnownFileType = sourcecode.swift; path = HandbookItem.swift; sourceTree = "<group>"; };
		68B929C629CCEDE000C6A17C /* Topic.swift */ = {isa = PBXFileReference; lastKnownFileType = sourcecode.swift; path = Topic.swift; sourceTree = "<group>"; };
		68B929C829CCEE1800C6A17C /* ListRow.swift */ = {isa = PBXFileReference; lastKnownFileType = sourcecode.swift; path = ListRow.swift; sourceTree = "<group>"; };
		68B929D029CCF88C00C6A17C /* NotificationsView.swift */ = {isa = PBXFileReference; lastKnownFileType = sourcecode.swift; path = NotificationsView.swift; sourceTree = "<group>"; };
		68B929D229CCF99500C6A17C /* LibraryView.swift */ = {isa = PBXFileReference; lastKnownFileType = sourcecode.swift; path = LibraryView.swift; sourceTree = "<group>"; };
		68B929D429CCFA0000C6A17C /* CertificateView.swift */ = {isa = PBXFileReference; lastKnownFileType = sourcecode.swift; path = CertificateView.swift; sourceTree = "<group>"; };
		68CDFB6129C90C9800F0CE97 /* Model.swift */ = {isa = PBXFileReference; lastKnownFileType = sourcecode.swift; path = Model.swift; sourceTree = "<group>"; };
		68CDFB6329CA179700F0CE97 /* SearchView.swift */ = {isa = PBXFileReference; lastKnownFileType = sourcecode.swift; path = SearchView.swift; sourceTree = "<group>"; };
		68CDFB6729CA812900F0CE97 /* Suggestion.swift */ = {isa = PBXFileReference; lastKnownFileType = sourcecode.swift; path = Suggestion.swift; sourceTree = "<group>"; };
		68D6E94C29CC782600A83764 /* Coin.swift */ = {isa = PBXFileReference; lastKnownFileType = sourcecode.swift; path = Coin.swift; sourceTree = "<group>"; };
		68DB3C6C29CB298F002A492C /* SignUpView.swift */ = {isa = PBXFileReference; lastKnownFileType = sourcecode.swift; path = SignUpView.swift; sourceTree = "<group>"; };
		68E09FE629C87EEB006112F0 /* Animations.swift */ = {isa = PBXFileReference; lastKnownFileType = sourcecode.swift; path = Animations.swift; sourceTree = "<group>"; };
		68EAE6F029C7DAF400FE9675 /* CourseItem.swift */ = {isa = PBXFileReference; lastKnownFileType = sourcecode.swift; path = CourseItem.swift; sourceTree = "<group>"; };
		68EAE6F229C7DBB100FE9675 /* CourseView.swift */ = {isa = PBXFileReference; lastKnownFileType = sourcecode.swift; path = CourseView.swift; sourceTree = "<group>"; };
		68EED2AE29BF9509009286B9 /* StrokeStyles.swift */ = {isa = PBXFileReference; lastKnownFileType = sourcecode.swift; path = StrokeStyles.swift; sourceTree = "<group>"; };
/* End PBXFileReference section */

/* Begin PBXFrameworksBuildPhase section */
		680F15DD29BE6204000D4D0E /* Frameworks */ = {
			isa = PBXFrameworksBuildPhase;
			buildActionMask = 2147483647;
			files = (
			);
			runOnlyForDeploymentPostprocessing = 0;
		};
/* End PBXFrameworksBuildPhase section */

/* Begin PBXGroup section */
		680F15D729BE6204000D4D0E = {
			isa = PBXGroup;
			children = (
				680F15E229BE6204000D4D0E /* DesignCodeiOS15Study */,
				680F15E129BE6204000D4D0E /* Products */,
			);
			sourceTree = "<group>";
		};
		680F15E129BE6204000D4D0E /* Products */ = {
			isa = PBXGroup;
			children = (
				680F15E029BE6204000D4D0E /* DesignCodeiOS15Study.app */,
			);
			name = Products;
			sourceTree = "<group>";
		};
		680F15E229BE6204000D4D0E /* DesignCodeiOS15Study */ = {
			isa = PBXGroup;
			children = (
				680F15E329BE6204000D4D0E /* DesignCodeiOS15StudyApp.swift */,
				68117D5B29C2017100BD6E3D /* Navigation */,
				68117D5C29C2018000BD6E3D /* Views */,
				68117D5D29C2019800BD6E3D /* Components */,
				68117D5E29C201B000BD6E3D /* Model */,
				68117D5F29C201D300BD6E3D /* Styles */,
				680F15E729BE6205000D4D0E /* Assets.xcassets */,
				680F15E929BE6205000D4D0E /* Preview Content */,
			);
			path = DesignCodeiOS15Study;
			sourceTree = "<group>";
		};
		680F15E929BE6205000D4D0E /* Preview Content */ = {
			isa = PBXGroup;
			children = (
				680F15EA29BE6205000D4D0E /* Preview Assets.xcassets */,
			);
			path = "Preview Content";
			sourceTree = "<group>";
		};
		68117D5B29C2017100BD6E3D /* Navigation */ = {
			isa = PBXGroup;
			children = (
				680F15E529BE6204000D4D0E /* ContentView.swift */,
				6802670729C1189B00DD8489 /* TabBar.swift */,
				68117D6229C25F2E00BD6E3D /* NavigationBar.swift */,
			);
			path = Navigation;
			sourceTree = "<group>";
		};
		68117D5C29C2018000BD6E3D /* Views */ = {
			isa = PBXGroup;
			children = (
				68B929CA29CCF07300C6A17C /* Main */,
				68B929CB29CCF09400C6A17C /* Sheets */,
				68B929CC29CCF0AE00C6A17C /* Details */,
				6841812629CB88EB00F7F9C7 /* Modals */,
			);
			path = Views;
			sourceTree = "<group>";
		};
		68117D5D29C2019800BD6E3D /* Components */ = {
			isa = PBXGroup;
			children = (
				68B929CD29CCF0DF00C6A17C /* Items */,
				68B929CE29CCF0F100C6A17C /* Buttons */,
				68B929CF29CCF10400C6A17C /* Graphics */,
			);
			path = Components;
			sourceTree = "<group>";
		};
		68117D5E29C201B000BD6E3D /* Model */ = {
			isa = PBXGroup;
			children = (
				6802670929C1639000DD8489 /* Tab.swift */,
				68117D6429C3408A00BD6E3D /* PreferenceKeys.swift */,
				68117D6829C48EBD00BD6E3D /* Course.swift */,
				68CDFB6129C90C9800F0CE97 /* Model.swift */,
				68CDFB6729CA812900F0CE97 /* Suggestion.swift */,
				68473D3329CBE8C300AEB194 /* Adress.swift */,
				68D6E94C29CC782600A83764 /* Coin.swift */,
				68B929B629CC848500C6A17C /* CourseSection.swift */,
				68B929C229CC9E1500C6A17C /* Handbook.swift */,
				68B929C629CCEDE000C6A17C /* Topic.swift */,
			);
			path = Model;
			sourceTree = "<group>";
		};
		68117D5F29C201D300BD6E3D /* Styles */ = {
			isa = PBXGroup;
			children = (
				68EED2AE29BF9509009286B9 /* StrokeStyles.swift */,
				68117D6629C3803B00BD6E3D /* AnimatableFontModifier.swift */,
				68E09FE629C87EEB006112F0 /* Animations.swift */,
				6841811E29CB340400F7F9C7 /* AngularButtonStyle.swift */,
				6841812029CB47E400F7F9C7 /* InputStyle.swift */,
			);
			path = Styles;
			sourceTree = "<group>";
		};
		6841812629CB88EB00F7F9C7 /* Modals */ = {
			isa = PBXGroup;
			children = (
				68DB3C6C29CB298F002A492C /* SignUpView.swift */,
				6841812429CB563500F7F9C7 /* SignInView.swift */,
				6841812229CB559000F7F9C7 /* ModalView.swift */,
			);
			path = Modals;
			sourceTree = "<group>";
		};
		68B929CA29CCF07300C6A17C /* Main */ = {
			isa = PBXGroup;
			children = (
				68117D5929C1FF8500BD6E3D /* HomeView.swift */,
				68B929BE29CC980800C6A17C /* ExploreView.swift */,
				68B929D029CCF88C00C6A17C /* NotificationsView.swift */,
				68B929D229CCF99500C6A17C /* LibraryView.swift */,
			);
			path = Main;
			sourceTree = "<group>";
		};
		68B929CB29CCF09400C6A17C /* Sheets */ = {
			isa = PBXGroup;
			children = (
				6802670129C0A3CA00DD8489 /* AccountView.swift */,
				68CDFB6329CA179700F0CE97 /* SearchView.swift */,
			);
			path = Sheets;
			sourceTree = "<group>";
		};
		68B929CC29CCF0AE00C6A17C /* Details */ = {
			isa = PBXGroup;
			children = (
				68EAE6F229C7DBB100FE9675 /* CourseView.swift */,
				68B929BA29CC879B00C6A17C /* SectionView.swift */,
			);
			path = Details;
			sourceTree = "<group>";
		};
		68B929CD29CCF0DF00C6A17C /* Items */ = {
			isa = PBXGroup;
			children = (
				68117D6029C25DFA00BD6E3D /* FeaturedItem.swift */,
				68EAE6F029C7DAF400FE9675 /* CourseItem.swift */,
				68B929B829CC84CC00C6A17C /* SectionRow.swift */,
				68B929C029CC989C00C6A17C /* SmallCourseItem.swift */,
				68B929C429CC9E4600C6A17C /* HandbookItem.swift */,
				68B929C829CCEE1800C6A17C /* ListRow.swift */,
				68B929D429CCFA0000C6A17C /* CertificateView.swift */,
			);
			path = Items;
			sourceTree = "<group>";
		};
		68B929CE29CCF0F100C6A17C /* Buttons */ = {
			isa = PBXGroup;
			children = (
				68473D3129CBA2E600AEB194 /* AvatarView.swift */,
				68B929BC29CC8CB400C6A17C /* PlayView.swift */,
			);
			path = Buttons;
			sourceTree = "<group>";
		};
		68B929CF29CCF10400C6A17C /* Graphics */ = {
			isa = PBXGroup;
			children = (
				6802670329C106C100DD8489 /* HexagonView.swift */,
				6802670529C10BDE00DD8489 /* BlobView.swift */,
				68B929B429CC825B00C6A17C /* CircularView.swift */,
			);
			path = Graphics;
			sourceTree = "<group>";
		};
/* End PBXGroup section */

/* Begin PBXNativeTarget section */
		680F15DF29BE6204000D4D0E /* DesignCodeiOS15Study */ = {
			isa = PBXNativeTarget;
			buildConfigurationList = 680F15EE29BE6205000D4D0E /* Build configuration list for PBXNativeTarget "DesignCodeiOS15Study" */;
			buildPhases = (
				680F15DC29BE6204000D4D0E /* Sources */,
				680F15DD29BE6204000D4D0E /* Frameworks */,
				680F15DE29BE6204000D4D0E /* Resources */,
			);
			buildRules = (
			);
			dependencies = (
			);
			name = DesignCodeiOS15Study;
			productName = DesignCodeiOS15Study;
			productReference = 680F15E029BE6204000D4D0E /* DesignCodeiOS15Study.app */;
			productType = "com.apple.product-type.application";
		};
/* End PBXNativeTarget section */

/* Begin PBXProject section */
		680F15D829BE6204000D4D0E /* Project object */ = {
			isa = PBXProject;
			attributes = {
				BuildIndependentTargetsInParallel = 1;
				LastSwiftUpdateCheck = 1420;
				LastUpgradeCheck = 1420;
				TargetAttributes = {
					680F15DF29BE6204000D4D0E = {
						CreatedOnToolsVersion = 14.2;
					};
				};
			};
			buildConfigurationList = 680F15DB29BE6204000D4D0E /* Build configuration list for PBXProject "DesignCodeiOS15Study" */;
			compatibilityVersion = "Xcode 14.0";
			developmentRegion = en;
			hasScannedForEncodings = 0;
			knownRegions = (
				en,
				Base,
			);
			mainGroup = 680F15D729BE6204000D4D0E;
			productRefGroup = 680F15E129BE6204000D4D0E /* Products */;
			projectDirPath = "";
			projectRoot = "";
			targets = (
				680F15DF29BE6204000D4D0E /* DesignCodeiOS15Study */,
			);
		};
/* End PBXProject section */

/* Begin PBXResourcesBuildPhase section */
		680F15DE29BE6204000D4D0E /* Resources */ = {
			isa = PBXResourcesBuildPhase;
			buildActionMask = 2147483647;
			files = (
				680F15EB29BE6205000D4D0E /* Preview Assets.xcassets in Resources */,
				680F15E829BE6205000D4D0E /* Assets.xcassets in Resources */,
			);
			runOnlyForDeploymentPostprocessing = 0;
		};
/* End PBXResourcesBuildPhase section */

/* Begin PBXSourcesBuildPhase section */
		680F15DC29BE6204000D4D0E /* Sources */ = {
			isa = PBXSourcesBuildPhase;
			buildActionMask = 2147483647;
			files = (
				68CDFB6429CA179700F0CE97 /* SearchView.swift in Sources */,
				68117D5A29C1FF8500BD6E3D /* HomeView.swift in Sources */,
				68B929BB29CC879B00C6A17C /* SectionView.swift in Sources */,
				6802670229C0A3CA00DD8489 /* AccountView.swift in Sources */,
				68B929C929CCEE1800C6A17C /* ListRow.swift in Sources */,
				68B929BD29CC8CB400C6A17C /* PlayView.swift in Sources */,
				68EAE6F329C7DBB100FE9675 /* CourseView.swift in Sources */,
				6802670429C106C100DD8489 /* HexagonView.swift in Sources */,
				68CDFB6829CA812900F0CE97 /* Suggestion.swift in Sources */,
				68EED2AF29BF9509009286B9 /* StrokeStyles.swift in Sources */,
				68473D3229CBA2E600AEB194 /* AvatarView.swift in Sources */,
				6802670A29C1639000DD8489 /* Tab.swift in Sources */,
				68B929C529CC9E4600C6A17C /* HandbookItem.swift in Sources */,
				68117D6329C25F2E00BD6E3D /* NavigationBar.swift in Sources */,
				6841811F29CB340400F7F9C7 /* AngularButtonStyle.swift in Sources */,
				68B929BF29CC980800C6A17C /* ExploreView.swift in Sources */,
				6802670629C10BDE00DD8489 /* BlobView.swift in Sources */,
				68B929C329CC9E1500C6A17C /* Handbook.swift in Sources */,
				6841812529CB563500F7F9C7 /* SignInView.swift in Sources */,
				680F15E629BE6204000D4D0E /* ContentView.swift in Sources */,
				68B929D529CCFA0000C6A17C /* CertificateView.swift in Sources */,
				68B929B529CC825B00C6A17C /* CircularView.swift in Sources */,
				68B929B729CC848500C6A17C /* CourseSection.swift in Sources */,
				68B929D329CCF99500C6A17C /* LibraryView.swift in Sources */,
				68D6E94D29CC782600A83764 /* Coin.swift in Sources */,
				68B929C129CC989C00C6A17C /* SmallCourseItem.swift in Sources */,
				68117D6929C48EBD00BD6E3D /* Course.swift in Sources */,
				680F15E429BE6204000D4D0E /* DesignCodeiOS15StudyApp.swift in Sources */,
				68473D3429CBE8C300AEB194 /* Adress.swift in Sources */,
				68EAE6F129C7DAF400FE9675 /* CourseItem.swift in Sources */,
				68117D6129C25DFA00BD6E3D /* FeaturedItem.swift in Sources */,
				68DB3C6D29CB298F002A492C /* SignUpView.swift in Sources */,
				68B929B929CC84CC00C6A17C /* SectionRow.swift in Sources */,
				68B929D129CCF88C00C6A17C /* NotificationsView.swift in Sources */,
				68E09FE729C87EEB006112F0 /* Animations.swift in Sources */,
				68117D6529C3408A00BD6E3D /* PreferenceKeys.swift in Sources */,
				6841812129CB47E400F7F9C7 /* InputStyle.swift in Sources */,
				68B929C729CCEDE000C6A17C /* Topic.swift in Sources */,
				68CDFB6229C90C9800F0CE97 /* Model.swift in Sources */,
				6802670829C1189B00DD8489 /* TabBar.swift in Sources */,
				68117D6729C3803B00BD6E3D /* AnimatableFontModifier.swift in Sources */,
				6841812329CB559000F7F9C7 /* ModalView.swift in Sources */,
			);
			runOnlyForDeploymentPostprocessing = 0;
		};
/* End PBXSourcesBuildPhase section */

/* Begin XCBuildConfiguration section */
		680F15EC29BE6205000D4D0E /* Debug */ = {
			isa = XCBuildConfiguration;
			buildSettings = {
				ALWAYS_SEARCH_USER_PATHS = NO;
				CLANG_ANALYZER_NONNULL = YES;
				CLANG_ANALYZER_NUMBER_OBJECT_CONVERSION = YES_AGGRESSIVE;
				CLANG_CXX_LANGUAGE_STANDARD = "gnu++20";
				CLANG_ENABLE_MODULES = YES;
				CLANG_ENABLE_OBJC_ARC = YES;
				CLANG_ENABLE_OBJC_WEAK = YES;
				CLANG_WARN_BLOCK_CAPTURE_AUTORELEASING = YES;
				CLANG_WARN_BOOL_CONVERSION = YES;
				CLANG_WARN_COMMA = YES;
				CLANG_WARN_CONSTANT_CONVERSION = YES;
				CLANG_WARN_DEPRECATED_OBJC_IMPLEMENTATIONS = YES;
				CLANG_WARN_DIRECT_OBJC_ISA_USAGE = YES_ERROR;
				CLANG_WARN_DOCUMENTATION_COMMENTS = YES;
				CLANG_WARN_EMPTY_BODY = YES;
				CLANG_WARN_ENUM_CONVERSION = YES;
				CLANG_WARN_INFINITE_RECURSION = YES;
				CLANG_WARN_INT_CONVERSION = YES;
				CLANG_WARN_NON_LITERAL_NULL_CONVERSION = YES;
				CLANG_WARN_OBJC_IMPLICIT_RETAIN_SELF = YES;
				CLANG_WARN_OBJC_LITERAL_CONVERSION = YES;
				CLANG_WARN_OBJC_ROOT_CLASS = YES_ERROR;
				CLANG_WARN_QUOTED_INCLUDE_IN_FRAMEWORK_HEADER = YES;
				CLANG_WARN_RANGE_LOOP_ANALYSIS = YES;
				CLANG_WARN_STRICT_PROTOTYPES = YES;
				CLANG_WARN_SUSPICIOUS_MOVE = YES;
				CLANG_WARN_UNGUARDED_AVAILABILITY = YES_AGGRESSIVE;
				CLANG_WARN_UNREACHABLE_CODE = YES;
				CLANG_WARN__DUPLICATE_METHOD_MATCH = YES;
				COPY_PHASE_STRIP = NO;
				DEBUG_INFORMATION_FORMAT = dwarf;
				ENABLE_STRICT_OBJC_MSGSEND = YES;
				ENABLE_TESTABILITY = YES;
				GCC_C_LANGUAGE_STANDARD = gnu11;
				GCC_DYNAMIC_NO_PIC = NO;
				GCC_NO_COMMON_BLOCKS = YES;
				GCC_OPTIMIZATION_LEVEL = 0;
				GCC_PREPROCESSOR_DEFINITIONS = (
					"DEBUG=1",
					"$(inherited)",
				);
				GCC_WARN_64_TO_32_BIT_CONVERSION = YES;
				GCC_WARN_ABOUT_RETURN_TYPE = YES_ERROR;
				GCC_WARN_UNDECLARED_SELECTOR = YES;
				GCC_WARN_UNINITIALIZED_AUTOS = YES_AGGRESSIVE;
				GCC_WARN_UNUSED_FUNCTION = YES;
				GCC_WARN_UNUSED_VARIABLE = YES;
				IPHONEOS_DEPLOYMENT_TARGET = 16.2;
				MTL_ENABLE_DEBUG_INFO = INCLUDE_SOURCE;
				MTL_FAST_MATH = YES;
				ONLY_ACTIVE_ARCH = YES;
				SDKROOT = iphoneos;
				SWIFT_ACTIVE_COMPILATION_CONDITIONS = DEBUG;
				SWIFT_OPTIMIZATION_LEVEL = "-Onone";
			};
			name = Debug;
		};
		680F15ED29BE6205000D4D0E /* Release */ = {
			isa = XCBuildConfiguration;
			buildSettings = {
				ALWAYS_SEARCH_USER_PATHS = NO;
				CLANG_ANALYZER_NONNULL = YES;
				CLANG_ANALYZER_NUMBER_OBJECT_CONVERSION = YES_AGGRESSIVE;
				CLANG_CXX_LANGUAGE_STANDARD = "gnu++20";
				CLANG_ENABLE_MODULES = YES;
				CLANG_ENABLE_OBJC_ARC = YES;
				CLANG_ENABLE_OBJC_WEAK = YES;
				CLANG_WARN_BLOCK_CAPTURE_AUTORELEASING = YES;
				CLANG_WARN_BOOL_CONVERSION = YES;
				CLANG_WARN_COMMA = YES;
				CLANG_WARN_CONSTANT_CONVERSION = YES;
				CLANG_WARN_DEPRECATED_OBJC_IMPLEMENTATIONS = YES;
				CLANG_WARN_DIRECT_OBJC_ISA_USAGE = YES_ERROR;
				CLANG_WARN_DOCUMENTATION_COMMENTS = YES;
				CLANG_WARN_EMPTY_BODY = YES;
				CLANG_WARN_ENUM_CONVERSION = YES;
				CLANG_WARN_INFINITE_RECURSION = YES;
				CLANG_WARN_INT_CONVERSION = YES;
				CLANG_WARN_NON_LITERAL_NULL_CONVERSION = YES;
				CLANG_WARN_OBJC_IMPLICIT_RETAIN_SELF = YES;
				CLANG_WARN_OBJC_LITERAL_CONVERSION = YES;
				CLANG_WARN_OBJC_ROOT_CLASS = YES_ERROR;
				CLANG_WARN_QUOTED_INCLUDE_IN_FRAMEWORK_HEADER = YES;
				CLANG_WARN_RANGE_LOOP_ANALYSIS = YES;
				CLANG_WARN_STRICT_PROTOTYPES = YES;
				CLANG_WARN_SUSPICIOUS_MOVE = YES;
				CLANG_WARN_UNGUARDED_AVAILABILITY = YES_AGGRESSIVE;
				CLANG_WARN_UNREACHABLE_CODE = YES;
				CLANG_WARN__DUPLICATE_METHOD_MATCH = YES;
				COPY_PHASE_STRIP = NO;
				DEBUG_INFORMATION_FORMAT = "dwarf-with-dsym";
				ENABLE_NS_ASSERTIONS = NO;
				ENABLE_STRICT_OBJC_MSGSEND = YES;
				GCC_C_LANGUAGE_STANDARD = gnu11;
				GCC_NO_COMMON_BLOCKS = YES;
				GCC_WARN_64_TO_32_BIT_CONVERSION = YES;
				GCC_WARN_ABOUT_RETURN_TYPE = YES_ERROR;
				GCC_WARN_UNDECLARED_SELECTOR = YES;
				GCC_WARN_UNINITIALIZED_AUTOS = YES_AGGRESSIVE;
				GCC_WARN_UNUSED_FUNCTION = YES;
				GCC_WARN_UNUSED_VARIABLE = YES;
				IPHONEOS_DEPLOYMENT_TARGET = 16.2;
				MTL_ENABLE_DEBUG_INFO = NO;
				MTL_FAST_MATH = YES;
				SDKROOT = iphoneos;
				SWIFT_COMPILATION_MODE = wholemodule;
				SWIFT_OPTIMIZATION_LEVEL = "-O";
				VALIDATE_PRODUCT = YES;
			};
			name = Release;
		};
		680F15EF29BE6205000D4D0E /* Debug */ = {
			isa = XCBuildConfiguration;
			buildSettings = {
				ASSETCATALOG_COMPILER_APPICON_NAME = AppIcon;
				ASSETCATALOG_COMPILER_GLOBAL_ACCENT_COLOR_NAME = AccentColor;
				CODE_SIGN_STYLE = Automatic;
				CURRENT_PROJECT_VERSION = 1;
				DEVELOPMENT_ASSET_PATHS = "\"DesignCodeiOS15Study/Preview Content\"";
				ENABLE_PREVIEWS = YES;
				GENERATE_INFOPLIST_FILE = YES;
				INFOPLIST_KEY_UIApplicationSceneManifest_Generation = YES;
				INFOPLIST_KEY_UIApplicationSupportsIndirectInputEvents = YES;
				INFOPLIST_KEY_UILaunchScreen_Generation = YES;
				INFOPLIST_KEY_UISupportedInterfaceOrientations_iPad = "UIInterfaceOrientationPortrait UIInterfaceOrientationPortraitUpsideDown UIInterfaceOrientationLandscapeLeft UIInterfaceOrientationLandscapeRight";
				INFOPLIST_KEY_UISupportedInterfaceOrientations_iPhone = "UIInterfaceOrientationPortrait UIInterfaceOrientationLandscapeLeft UIInterfaceOrientationLandscapeRight";
				IPHONEOS_DEPLOYMENT_TARGET = 15.0;
				LD_RUNPATH_SEARCH_PATHS = (
					"$(inherited)",
					"@executable_path/Frameworks",
				);
				MARKETING_VERSION = 1.0;
				PRODUCT_BUNDLE_IDENTIFIER = diazjheni.DesignCodeiOS15Study;
				PRODUCT_NAME = "$(TARGET_NAME)";
				SWIFT_EMIT_LOC_STRINGS = YES;
				SWIFT_VERSION = 5.0;
				TARGETED_DEVICE_FAMILY = "1,2";
			};
			name = Debug;
		};
		680F15F029BE6205000D4D0E /* Release */ = {
			isa = XCBuildConfiguration;
			buildSettings = {
				ASSETCATALOG_COMPILER_APPICON_NAME = AppIcon;
				ASSETCATALOG_COMPILER_GLOBAL_ACCENT_COLOR_NAME = AccentColor;
				CODE_SIGN_STYLE = Automatic;
				CURRENT_PROJECT_VERSION = 1;
				DEVELOPMENT_ASSET_PATHS = "\"DesignCodeiOS15Study/Preview Content\"";
				ENABLE_PREVIEWS = YES;
				GENERATE_INFOPLIST_FILE = YES;
				INFOPLIST_KEY_UIApplicationSceneManifest_Generation = YES;
				INFOPLIST_KEY_UIApplicationSupportsIndirectInputEvents = YES;
				INFOPLIST_KEY_UILaunchScreen_Generation = YES;
				INFOPLIST_KEY_UISupportedInterfaceOrientations_iPad = "UIInterfaceOrientationPortrait UIInterfaceOrientationPortraitUpsideDown UIInterfaceOrientationLandscapeLeft UIInterfaceOrientationLandscapeRight";
				INFOPLIST_KEY_UISupportedInterfaceOrientations_iPhone = "UIInterfaceOrientationPortrait UIInterfaceOrientationLandscapeLeft UIInterfaceOrientationLandscapeRight";
				IPHONEOS_DEPLOYMENT_TARGET = 15.0;
				LD_RUNPATH_SEARCH_PATHS = (
					"$(inherited)",
					"@executable_path/Frameworks",
				);
				MARKETING_VERSION = 1.0;
				PRODUCT_BUNDLE_IDENTIFIER = diazjheni.DesignCodeiOS15Study;
				PRODUCT_NAME = "$(TARGET_NAME)";
				SWIFT_EMIT_LOC_STRINGS = YES;
				SWIFT_VERSION = 5.0;
				TARGETED_DEVICE_FAMILY = "1,2";
			};
			name = Release;
		};
/* End XCBuildConfiguration section */

/* Begin XCConfigurationList section */
		680F15DB29BE6204000D4D0E /* Build configuration list for PBXProject "DesignCodeiOS15Study" */ = {
			isa = XCConfigurationList;
			buildConfigurations = (
				680F15EC29BE6205000D4D0E /* Debug */,
				680F15ED29BE6205000D4D0E /* Release */,
			);
			defaultConfigurationIsVisible = 0;
			defaultConfigurationName = Release;
		};
		680F15EE29BE6205000D4D0E /* Build configuration list for PBXNativeTarget "DesignCodeiOS15Study" */ = {
			isa = XCConfigurationList;
			buildConfigurations = (
				680F15EF29BE6205000D4D0E /* Debug */,
				680F15F029BE6205000D4D0E /* Release */,
			);
			defaultConfigurationIsVisible = 0;
			defaultConfigurationName = Release;
		};
/* End XCConfigurationList section */
	};
	rootObject = 680F15D829BE6204000D4D0E /* Project object */;
}
